{
  "name": "dashboard",
  "lockfileVersion": 3,
  "requires": true,
  "packages": {
    "": {
      "name": "dashboard",
      "dependencies": {
        "@fontsource/material-icons": "5.3.0",
        "@fontsource/noto-sans": "5.3.0",
        "@fontsource/noto-sans-sc": "5.3.0",
        "mdui": "2.1.5"
      }
    },
    "node_modules/@floating-ui/utils": {
      "version": "0.2.12",
      "resolved": "https://registry.npmjs.org/@floating-ui/utils/-/utils-0.2.12.tgz",
      "integrity": "sha512-HpCo8tmWzLVad5s2d19EhAz5zqrrQ6s69qd6moPMQvkOuSwDT1YgRfWSVuc4ennqrgv3OHppiOGMQ7oC13yIww==",
      "license": "MIT"
    },
    "node_modules/@fontsource/material-icons": {
      "version": "5.3.0",
      "resolved": "https://registry.npmjs.org/@fontsource/material-icons/-/material-icons-5.3.0.tgz",
      "integrity": "sha512-nCpzNTsS5KpIqWijK259rPOTaZXNJlRfTiVRDNguKwfSdoZL/O9zIvPs+3K2eeRrNW+fVJWMO+n3JQoi9DN9Tw==",
      "license": "OFL-1.1",
      "funding": {
        "url": "https://github.com/sponsors/ayuhito"
      }
    },
    "node_modules/@fontsource/noto-sans": {
      "version": "5.3.0",
      "resolved": "https://registry.npmjs.org/@fontsource/noto-sans/-/noto-sans-5.3.0.tgz",
      "integrity": "sha512-fBCog2PY7DiVVTEEqtI/Qdinx/knobHYfoGpjFXdfBX5RoJaBp1Prw2G75p0OIsdlMZg3cLo0c+YbIUYOxnQJw==",
      "license": "OFL-1.1",
      "funding": {
        "url": "https://github.com/sponsors/ayuhito"
      }
    },
    "node_modules/@fontsource/noto-sans-sc": {
      "version": "5.3.0",
      "resolved": "https://registry.npmjs.org/@fontsource/noto-sans-sc/-/noto-sans-sc-5.3.0.tgz",
      "integrity": "sha512-HeqIlGm0+ohOKxZLuHj1qW6r6avHH0OWdKERAcSDI0RQ+MXrteuLKA+M+5eOA8rYy0MFvOR5AT0fQo2rUkye0Q==",
      "license": "OFL-1.1",
      "funding": {
        "url": "https://github.com/sponsors/ayuhito"
      }
    },
    "node_modules/@lit-labs/ssr-dom-shim": {
      "version": "1.6.0",
      "resolved": "https://registry.npmjs.org/@lit-labs/ssr-dom-shim/-/ssr-dom-shim-1.6.0.tgz",
      "integrity": "sha512-VHb0ALPMTlgKjM6yIxxoQNnpKyUKLD04VzeQdsiXkMqkvYlAHxq9glGLmgbb889/1GsohSOAjvQYoiBppXFqrQ==",
      "license": "BSD-3-Clause"
    },
    "node_modules/@lit/localize": {
      "version": "0.12.2",
      "resolved": "https://registry.npmjs.org/@lit/localize/-/localize-0.12.2.tgz",
      "integrity": "sha512-Qv9kvgJKDq/JVSwXOxuWvQnnOBysHA99ti9im9a4fImCmx+fto+XXcUYQbjZHqiueEEc4V20PcRDPO+1g/6seQ==",
      "license": "BSD-3-Clause",
      "dependencies": {
        "lit": "^3.2.0"
      }
    },
    "node_modules/@lit/reactive-element": {
      "version": "2.1.2",
      "resolved": "https://registry.npmjs.org/@lit/reactive-element/-/reactive-element-2.1.2.tgz",
      "integrity": "sha512-pbCDiVMnne1lYUIaYNN5wrwQXDtHaYtg7YEFPeW+hws6U47WeFvISGUWekPGKWOP1ygrs0ef0o1VJMk1exos5A==",
      "license": "BSD-3-Clause",
      "dependencies": {
        "@lit-labs/ssr-dom-shim": "^1.5.0"
      }
    },
    "node_modules/@material/material-color-utilities": {
      "version": "0.3.0",
      "resolved": "https://registry.npmjs.org/@material/material-color-utilities/-/material-color-utilities-0.3.0.tgz",
      "integrity": "sha512-ztmtTd6xwnuh2/xu+Vb01btgV8SQWYCaK56CkRK8gEkWe5TuDyBcYJ0wgkMRn+2VcE9KUmhvkz+N9GHrqw/C0g==",
      "license": "Apache-2.0"
    },
    "node_modules/@mdui/icons-shared": {
      "version": "1.0.1",
      "resolved": "https://registry.npmjs.org/@mdui/icons-shared/-/icons-shared-1.0.1.tgz",
      "integrity": "sha512-AYil8MVSVaubWvt5Ms+0EyCV+4FvpT3jDRexVoO0VaSca0T4p62UVM81/ZHpwKOpZsnWU/HI8mZsRTYVmkxqnQ==",
      "license": "MIT",
      "dependencies": {
        "lit": "^3.3.0",
        "tslib": "^2.8.1"
      }
    },
    "node_modules/@mdui/jq": {
      "version": "3.0.3",
      "resolved": "https://registry.npmjs.org/@mdui/jq/-/jq-3.0.3.tgz",
      "integrity": "sha512-nI8QK9UPHhiIbECrC1aMdLXNxP6WgUtC9XwRPs/e56FtwduePyxPyloXmgU8VYw85i6TtYdgClHS9tW8JweNZA==",
      "license": "MIT",
      "dependencies": {
        "ssr-window": "^5.0.0",
        "tslib": "^2.8.1"
      }
    },
    "node_modules/@mdui/shared": {
      "version": "1.0.9",
      "resolved": "https://registry.npmjs.org/@mdui/shared/-/shared-1.0.9.tgz",
      "integrity": "sha512-deB/IaekNZtoI4sSWAvZOTHt5NNgvbKFrGRwSZtFvSP/Ec1+DkHKuFNTAefEvMX4VpUC6C6Xr0uexPI3Dn4AgA==",
      "license": "MIT",
      "dependencies": {
        "@lit/reactive-element": "^2.1.0",
        "@mdui/jq": "^3.0.3",
        "lit": "^3.3.0",
        "ssr-window": "^5.0.1",
        "tslib": "^2.8.1"
      }
    },
    "node_modules/@types/trusted-types": {
      "version": "2.0.7",
      "resolved": "https://registry.npmjs.org/@types/trusted-types/-/trusted-types-2.0.7.tgz",
      "integrity": "sha512-ScaPdn1dQczgbl0QFTeTOmVHFULt394XJgOQNoyVhZ6r2vLnMLJfBPd53SB52T/3G36VI1/g2MZaX0cwDuXsfw==",
      "license": "MIT"
    },
    "node_modules/classcat": {
      "version": "5.0.5",
      "resolved": "https://registry.npmjs.org/classcat/-/classcat-5.0.5.tgz",
      "integrity": "sha512-JhZUT7JFcQy/EzW605k/ktHtncoo9vnyW/2GspNYwFlN1C/WmjuV/xtS04e9SOkL2sTdw0VAZ2UGCcQ9lR6p6w==",
      "license": "MIT"
    },
    "node_modules/is-promise": {
      "version": "4.0.0",
      "resolved": "https://registry.npmjs.org/is-promise/-/is-promise-4.0.0.tgz",
      "integrity": "sha512-hvpoI6korhJMnej285dSg6nu1+e6uxs7zG3BYAm5byqDsgJNWwxzM6z6iZiAgQR4TJ30JmBTOwqZUw3WlyH3AQ==",
      "license": "MIT"
    },
    "node_modules/lit": {
      "version": "3.3.3",
      "resolved": "https://registry.npmjs.org/lit/-/lit-3.3.3.tgz",
      "integrity": "sha512-fycuvZg/hkpozL00lm1pEJH5nN/lr9ZXd6mJI2HSN4+Bzc+LDNdEApJ6HFbPkdFNHLvOplIIuJvxkS4XUxqirw==",
      "license": "BSD-3-Clause",
      "dependencies": {
        "@lit/reactive-element": "^2.1.0",
        "lit-element": "^4.2.0",
        "lit-html": "^3.3.0"
      }
    },
    "node_modules/lit-element": {
      "version": "4.2.2",
      "resolved": "https://registry.npmjs.org/lit-element/-/lit-element-4.2.2.tgz",
      "integrity": "sha512-aFKhNToWxoyhkNDmWZwEva2SlQia+jfG0fjIWV//YeTaWrVnOxD89dPKfigCUspXFmjzOEUQpOkejH5Ly6sG0w==",
      "license": "BSD-3-Clause",
      "dependencies": {
        "@lit-labs/ssr-dom-shim": "^1.5.0",
        "@lit/reactive-element": "^2.1.0",
        "lit-html": "^3.3.0"
      }
    },
    "node_modules/lit-html": {
      "version": "3.3.3",
      "resolved": "https://registry.npmjs.org/lit-html/-/lit-html-3.3.3.tgz",
      "integrity": "sha512-el8M6jK2o3RXBnrSHX3ZKrsN8zEV63pSExTO1wYJz7QndGYZ8353e2a5PPX+qHe2aGayfnchQmkAojaWAREOIA==",
      "license": "BSD-3-Clause",
      "dependencies": {
        "@types/trusted-types": "^2.0.2"
      }
    },
    "node_modules/mdui": {
      "version": "2.1.5",
      "resolved": "https://registry.npmjs.org/mdui/-/mdui-2.1.5.tgz",
      "integrity": "sha512-uvXy/IFu/K93lAswsbKNj2Dn7Aab0LjWgdnfyIM/RQL0BhDe6Y9ChbN0x/Ts1W03nJtcef3wb1Fp44q8L9zmiQ==",
      "license": "MIT",
      "dependencies": {
        "@floating-ui/utils": "^0.2.10",
        "@lit/localize": "^0.12.2",
        "@lit/reactive-element": "^2.1.0",
        "@material/material-color-utilities": "^0.3.0",
        "@mdui/icons-shared": "^1.0.0",
        "@mdui/jq": "^3.0.3",
        "@mdui/shared": "^1.0.9",
        "classcat": "^5.0.5",
        "is-promise": "^4.0.0",
        "lit": "^3.3.0",
        "ssr-window": "^5.0.1",
        "tslib": "^2.8.1"
      }
    },
    "node_modules/ssr-window": {
      "version": "5.0.1",
      "resolved": "https://registry.npmjs.org/ssr-window/-/ssr-window-5.0.1.tgz",
      "integrity": "sha512-WVXlhQsm54HC+FnJfEbccEgNF7mKXtnFUB8Xn7rx2dsWHOlBdqezdX88Vjh6pVGaa0ZvL+PoSu7rEcBuNmxt6g==",
      "license": "MIT"
    },
    "node_modules/tslib": {
      "version": "2.8.1",
      "resolved": "https://registry.npmjs.org/tslib/-/tslib-2.8.1.tgz",
      "integrity": "sha512-oJFu94HQb+KVduSUQL7wnpmqnfmLsOA/nAh6b6EH0wCEoK0/mPeXU6c3wKDV83MkOuHPRHtSXKKU99IBazS/2w==",
      "license": "0BSD"
    }
  }
}
